{
  "version": 4,
  "terraform_version": "1.3.7",
  "serial": 31,
  "lineage": "905777cc-390d-3604-ac3d-34e7259981fe",
  "outputs": {
    "test_policy_arn": {
      "value": "arn:aws:iam::775525239178:role/test-oidc",
      "type": "string"
    }
  },
  "resources": [
    {
      "mode": "data",
      "type": "aws_iam_policy_document",
      "name": "test_oidc_assume_role_policy",
      "provider": "provider[\"registry.terraform.io/hashicorp/aws\"]",
      "instances": [
        {
          "schema_version": 0,
          "attributes": {
            "id": "439031499",
            "json": "{\n  \"Version\": \"2012-10-17\",\n  \"Statement\": [\n    {\n      \"Sid\": \"\",\n      \"Effect\": \"Allow\",\n      \"Action\": \"sts:AssumeRoleWithWebIdentity\",\n      \"Principal\": {\n        \"Federated\": \"arn:aws:iam::775525239178:oidc-provider/oidc.eks.us-west-1.amazonaws.com/id/914B368D07DD45782E678F9D24B15F37\"\n      },\n      \"Condition\": {\n        \"StringEquals\": {\n          \"oidc.eks.us-west-1.amazonaws.com/id/914B368D07DD45782E678F9D24B15F37:sub\": \"system:serviceaccount:default:aws-test\"\n        }\n      }\n    }\n  ]\n}",
            "override_json": null,
            "override_policy_documents": null,
            "policy_id": null,
            "source_json": null,
            "source_policy_documents": null,
            "statement": [
              {
                "actions": [
                  "sts:AssumeRoleWithWebIdentity"
                ],
                "condition": [
                  {
                    "test": "StringEquals",
                    "values": [
                      "system:serviceaccount:default:aws-test"
                    ],
                    "variable": "oidc.eks.us-west-1.amazonaws.com/id/914B368D07DD45782E678F9D24B15F37:sub"
                  }
                ],
                "effect": "Allow",
                "not_actions": [],
                "not_principals": [],
                "not_resources": [],
                "principals": [
                  {
                    "identifiers": [
                      "arn:aws:iam::775525239178:oidc-provider/oidc.eks.us-west-1.amazonaws.com/id/914B368D07DD45782E678F9D24B15F37"
                    ],
                    "type": "Federated"
                  }
                ],
                "resources": [],
                "sid": ""
              }
            ],
            "version": "2012-10-17"
          },
          "sensitive_attributes": []
        }
      ]
    },
    {
      "mode": "data",
      "type": "tls_certificate",
      "name": "eks",
      "provider": "provider[\"registry.terraform.io/hashicorp/tls\"]",
      "instances": [
        {
          "schema_version": 0,
          "attributes": {
            "certificates": [
              {
                "cert_pem": "-----BEGIN CERTIFICATE-----\nMIIEdTCCA12gAwIBAgIJAKcOSkw0grd/MA0GCSqGSIb3DQEBCwUAMGgxCzAJBgNV\nBAYTAlVTMSUwIwYDVQQKExxTdGFyZmllbGQgVGVjaG5vbG9naWVzLCBJbmMuMTIw\nMAYDVQQLEylTdGFyZmllbGQgQ2xhc3MgMiBDZXJ0aWZpY2F0aW9uIEF1dGhvcml0\neTAeFw0wOTA5MDIwMDAwMDBaFw0zNDA2MjgxNzM5MTZaMIGYMQswCQYDVQQGEwJV\nUzEQMA4GA1UECBMHQXJpem9uYTETMBEGA1UEBxMKU2NvdHRzZGFsZTElMCMGA1UE\nChMcU3RhcmZpZWxkIFRlY2hub2xvZ2llcywgSW5jLjE7MDkGA1UEAxMyU3RhcmZp\nZWxkIFNlcnZpY2VzIFJvb3QgQ2VydGlmaWNhdGUgQXV0aG9yaXR5IC0gRzIwggEi\nMA0GCSqGSIb3DQEBAQUAA4IBDwAwggEKAoIBAQDVDDrEKvlO4vW+GZdfjohTsR8/\ny8+fIBNtKTrID30892t2OGPZNmCom15cAICyL1l/9of5JUOG52kbUpqQ4XHj2C0N\nTm/2yEnZtvMaVq4rtnQU68/7JuMauh2WLmo7WJSJR1b/JaCTcFOD2oR0FMNnngRo\nOt+OQFodSk7PQ5E751bWAHDLUu57fa4657wx+UX2wmDPE1kCK4DMNEffud6QZW0C\nzyyRpqbn3oUYSXxmTqM6bam17jQuug0DuDPfR+uxa40l2ZvOgdFFRjKWcIfeAg5J\nQ4W2bHO7ZOphQazJ1FTfhy/HIrImzJ9ZVGif/L4qL8RVHHVAYBeFAlU5i38FAgMB\nAAGjgfAwge0wDwYDVR0TAQH/BAUwAwEB/zAOBgNVHQ8BAf8EBAMCAYYwHQYDVR0O\nBBYEFJxfAN+qAdcwKziIorhtSpzyEZGDMB8GA1UdIwQYMBaAFL9ft9HO3R+G9FtV\nrNzXEMIOqYjnME8GCCsGAQUFBwEBBEMwQTAcBggrBgEFBQcwAYYQaHR0cDovL28u\nc3MyLnVzLzAhBggrBgEFBQcwAoYVaHR0cDovL3guc3MyLnVzL3guY2VyMCYGA1Ud\nHwQfMB0wG6AZoBeGFWh0dHA6Ly9zLnNzMi51cy9yLmNybDARBgNVHSAECjAIMAYG\nBFUdIAAwDQYJKoZIhvcNAQELBQADggEBACMd44pXyn3pF3lM8R5V/cxTbj5HD9/G\nVfKyBDbtgB9TxF00KGu+x1X8Z+rLP3+QsjPNG1gQggL4+C/1E2DUBc7xgQjB3ad1\nl08YuW3e95ORCLp+QCztweq7dp4zBncdDQh/U90bZKuCJ/Fp1U1ervShw3WnWEQt\n8jxwmKy6abaVd38PMV4s/KCHOkdp8Hlf9BRUpJVeEXgSYCfOn8J3/yNTd126/+pZ\n59vPr5KW7ySaNRB6nJHGDn2Z9j8Z3/VyVOEVqQdZe4O/Ui5GjLIAZHYcSNPYeehu\nVsyuLAOQ1xk4meTKCRlb/weWsKh/NEnfVqn3sF/tM+2MR7cwA130A4w=\n-----END CERTIFICATE-----\n",
                "is_ca": true,
                "issuer": "OU=Starfield Class 2 Certification Authority,O=Starfield Technologies\\, Inc.,C=US",
                "not_after": "2034-06-28T17:39:16Z",
                "not_before": "2009-09-02T00:00:00Z",
                "public_key_algorithm": "RSA",
                "serial_number": "12037640545166866303",
                "sha1_fingerprint": "9e99a48a9960b14926bb7f3b02e22da2b0ab7280",
                "signature_algorithm": "SHA256-RSA",
                "subject": "CN=Starfield Services Root Certificate Authority - G2,O=Starfield Technologies\\, Inc.,L=Scottsdale,ST=Arizona,C=US",
                "version": 3
              },
              {
                "cert_pem": "-----BEGIN CERTIFICATE-----\nMIIEkjCCA3qgAwIBAgITBn+USionzfP6wq4rAfkI7rnExjANBgkqhkiG9w0BAQsF\nADCBmDELMAkGA1UEBhMCVVMxEDAOBgNVBAgTB0FyaXpvbmExEzARBgNVBAcTClNj\nb3R0c2RhbGUxJTAjBgNVBAoTHFN0YXJmaWVsZCBUZWNobm9sb2dpZXMsIEluYy4x\nOzA5BgNVBAMTMlN0YXJmaWVsZCBTZXJ2aWNlcyBSb290IENlcnRpZmljYXRlIEF1\ndGhvcml0eSAtIEcyMB4XDTE1MDUyNTEyMDAwMFoXDTM3MTIzMTAxMDAwMFowOTEL\nMAkGA1UEBhMCVVMxDzANBgNVBAoTBkFtYXpvbjEZMBcGA1UEAxMQQW1hem9uIFJv\nb3QgQ0EgMTCCASIwDQYJKoZIhvcNAQEBBQADggEPADCCAQoCggEBALJ4gHHKeNXj\nca9HgFB0fW7Y14h29Jlo91ghYPl0hAEvrAIthtOgQ3pOsqTQNroBvo3bSMgHFzZM\n9O6II8c+6zf1tRn4SWiw3te5djgdYZ6k/oI2peVKVuRF4fn9tBb6dNqcmzU5L/qw\nIFAGbHrQgLKm+a/sRxmPUDgH3KKHOVj4utWp+UhnMJbulHheb4mjUcAwhmahRWa6\nVOujw5H5SNz/0egwLX0tdHA114gk957EWW67c4cX8jJGKLhD+rcdqsq08p8kDi1L\n93FcXmn/6pUCyziKrlA4b9v7LWIbxcceVOF34GfID5yHI9Y/QCB/IIDEgEw+OyQm\njgSubJrIqg0CAwEAAaOCATEwggEtMA8GA1UdEwEB/wQFMAMBAf8wDgYDVR0PAQH/\nBAQDAgGGMB0GA1UdDgQWBBSEGMyFNOy8DJSULghZnMeyEE4KCDAfBgNVHSMEGDAW\ngBScXwDfqgHXMCs4iKK4bUqc8hGRgzB4BggrBgEFBQcBAQRsMGowLgYIKwYBBQUH\nMAGGImh0dHA6Ly9vY3NwLnJvb3RnMi5hbWF6b250cnVzdC5jb20wOAYIKwYBBQUH\nMAKGLGh0dHA6Ly9jcnQucm9vdGcyLmFtYXpvbnRydXN0LmNvbS9yb290ZzIuY2Vy\nMD0GA1UdHwQ2MDQwMqAwoC6GLGh0dHA6Ly9jcmwucm9vdGcyLmFtYXpvbnRydXN0\nLmNvbS9yb290ZzIuY3JsMBEGA1UdIAQKMAgwBgYEVR0gADANBgkqhkiG9w0BAQsF\nAAOCAQEAYjdCXLwQtT6LLOkMm2xF4gcAevnFWAu5CIw+7bMlPLVvUOTNNWqnkzSW\nMiGpSESrnO09tKpzbeR/FoCJbM8oAxiDR3mjEH4wW6w7sGDgd9QIpuEdfF7Au/ma\neyKdpwAJfqxGF4PcnCZXmTA5YpaP7dreqsXMGz7KQ2hsVxa81Q4gLv7/wmpdLqBK\nbRRYh5TmOTFffHPLkIhqhBGWJ6bt2YFGpn6jcgAKUj6DiAdjd4lpFw85hdKrCEVN\n0FE6/V1dN2RMfjCyVSRCnTawXZwXgWHxyvkQAiSr6w10kY17RSlQOYiypok1JR4U\nakcjMS9cmvqtmg5iUaQqqcT5NJ0hGA==\n-----END CERTIFICATE-----\n",
                "is_ca": true,
                "issuer": "CN=Starfield Services Root Certificate Authority - G2,O=Starfield Technologies\\, Inc.,L=Scottsdale,ST=Arizona,C=US",
                "not_after": "2037-12-31T01:00:00Z",
                "not_before": "2015-05-25T12:00:00Z",
                "public_key_algorithm": "RSA",
                "serial_number": "144918191876577076464031512351042010504348870",
                "sha1_fingerprint": "06b25927c42a721631c1efd9431e648fa62e1e39",
                "signature_algorithm": "SHA256-RSA",
                "subject": "CN=Amazon Root CA 1,O=Amazon,C=US",
                "version": 3
              },
              {
                "cert_pem": "-----BEGIN CERTIFICATE-----\nMIIEXjCCA0agAwIBAgITB3MSSkvL1E7HtTvq8ZSELToPoTANBgkqhkiG9w0BAQsF\nADA5MQswCQYDVQQGEwJVUzEPMA0GA1UEChMGQW1hem9uMRkwFwYDVQQDExBBbWF6\nb24gUm9vdCBDQSAxMB4XDTIyMDgyMzIyMjUzMFoXDTMwMDgyMzIyMjUzMFowPDEL\nMAkGA1UEBhMCVVMxDzANBgNVBAoTBkFtYXpvbjEcMBoGA1UEAxMTQW1hem9uIFJT\nQSAyMDQ4IE0wMjCCASIwDQYJKoZIhvcNAQEBBQADggEPADCCAQoCggEBALtDGMZa\nqHneKei1by6+pUPPLljTB143Si6VpEWPc6mSkFhZb/6qrkZyoHlQLbDYnI2D7hD0\nsdzEqfnuAjIsuXQLG3A8TvX6V3oFNBFVe8NlLJHvBseKY88saLwufxkZVwk74g4n\nWlNMXzla9Y5F3wwRHwMVH443xGz6UtGSZSqQ94eFx5X7Tlqt8whi8qCaKdZ5rNak\n+r9nUThOeClqFd4oXych//Rc7Y0eX1KNWHYSI1Nk31mYgiK3JvH063g+K9tHA63Z\neTgKgndlh+WI+zv7i44HepRZjA1FYwYZ9Vv/9UkC5Yz8/yU65fgjaE+wVHM4e/Yy\nC2osrPWE7gJ+dXMCAwEAAaOCAVowggFWMBIGA1UdEwEB/wQIMAYBAf8CAQAwDgYD\nVR0PAQH/BAQDAgGGMB0GA1UdJQQWMBQGCCsGAQUFBwMBBggrBgEFBQcDAjAdBgNV\nHQ4EFgQUwDFSzVpQw4J8dHHOy+mc+XrrguIwHwYDVR0jBBgwFoAUhBjMhTTsvAyU\nlC4IWZzHshBOCggwewYIKwYBBQUHAQEEbzBtMC8GCCsGAQUFBzABhiNodHRwOi8v\nb2NzcC5yb290Y2ExLmFtYXpvbnRydXN0LmNvbTA6BggrBgEFBQcwAoYuaHR0cDov\nL2NydC5yb290Y2ExLmFtYXpvbnRydXN0LmNvbS9yb290Y2ExLmNlcjA/BgNVHR8E\nODA2MDSgMqAwhi5odHRwOi8vY3JsLnJvb3RjYTEuYW1hem9udHJ1c3QuY29tL3Jv\nb3RjYTEuY3JsMBMGA1UdIAQMMAowCAYGZ4EMAQIBMA0GCSqGSIb3DQEBCwUAA4IB\nAQAtTi6Fs0Azfi+iwm7jrz+CSxHH+uHl7Law3MQSXVtR8RV53PtR6r/6gNpqlzdo\nZq4FKbADi1v9Bun8RY8D51uedRfjsbeodizeBB8nXmeyD33Ep7VATj4ozcd31YFV\nfgRhvTSxNrrTlNpWkUk0m3BMPv8sg381HhA6uEYokE5q9uws/3YkKqRiEz3TsaWm\nJqIRZhMbgAfp7O7FUwFIb7UIspogZSKxPIWJpxiPo3TcBambbVtQOcNRWz5qCQdD\nslI2yayq0n2TXoHyNCLEH8rpsJRVILFsg0jc7BaFrMnF462+ajSehgj12IidNeRN\n4zl+EoNaWdpnWndvSpAEkq2P\n-----END CERTIFICATE-----\n",
                "is_ca": true,
                "issuer": "CN=Amazon Root CA 1,O=Amazon,C=US",
                "not_after": "2030-08-23T22:25:30Z",
                "not_before": "2022-08-23T22:25:30Z",
                "public_key_algorithm": "RSA",
                "serial_number": "166129353110899469622597955040406457904926625",
                "sha1_fingerprint": "414a2060b738c635cc7fc243e052615592830c53",
                "signature_algorithm": "SHA256-RSA",
                "subject": "CN=Amazon RSA 2048 M02,O=Amazon,C=US",
                "version": 3
              },
              {
                "cert_pem": "-----BEGIN CERTIFICATE-----\nMIIF6zCCBNOgAwIBAgIQA/Wgi78rTwsJvjuPmkiMcDANBgkqhkiG9w0BAQsFADA8\nMQswCQYDVQQGEwJVUzEPMA0GA1UEChMGQW1hem9uMRwwGgYDVQQDExNBbWF6b24g\nUlNBIDIwNDggTTAyMB4XDTIzMDIxMDAwMDAwMFoXDTIzMDcyNjIzNTk1OVowKzEp\nMCcGA1UEAxMgb2lkYy5la3MudXMtd2VzdC0xLmFtYXpvbmF3cy5jb20wggEiMA0G\nCSqGSIb3DQEBAQUAA4IBDwAwggEKAoIBAQDD1fKA8QAZ6+C0l1QP0T9dYZfSTOMv\nDr8h0+ubjMjnIjHs3G36oelKZ1wxS3XdXFNRApZ0acPIIkn/4Mj9yURjGQnwIhCa\n3VH0N9rTIWyKCK5BCryaXnpXt3DAA/yXQSng4aWadyDMaBthWwiPvjYiYjuCs9EH\n6xC7XeSgzSFnk2PXehn1Do7M+BxvQDzkMjuFG58Ko9JgSoVH/1q+/LvnqI5Is9ze\nWfdVtuVVtEI/Elr1h8oksdIljpq9saKmoaYYOYZwpnSdmvTnTFg99/sjvOWD/ASl\nw+PaRJW0BER5UusQ412fK7akLWDayJqBkqJE1uGDDBKUVz6IREGq4PhxAgMBAAGj\nggL4MIIC9DAfBgNVHSMEGDAWgBTAMVLNWlDDgnx0cc7L6Zz5euuC4jAdBgNVHQ4E\nFgQUmLINIx4te9gek4wFH+Fw15IKyIowKwYDVR0RBCQwIoIgb2lkYy5la3MudXMt\nd2VzdC0xLmFtYXpvbmF3cy5jb20wDgYDVR0PAQH/BAQDAgWgMB0GA1UdJQQWMBQG\nCCsGAQUFBwMBBggrBgEFBQcDAjA7BgNVHR8ENDAyMDCgLqAshipodHRwOi8vY3Js\nLnIybTAyLmFtYXpvbnRydXN0LmNvbS9yMm0wMi5jcmwwEwYDVR0gBAwwCjAIBgZn\ngQwBAgEwdQYIKwYBBQUHAQEEaTBnMC0GCCsGAQUFBzABhiFodHRwOi8vb2NzcC5y\nMm0wMi5hbWF6b250cnVzdC5jb20wNgYIKwYBBQUHMAKGKmh0dHA6Ly9jcnQucjJt\nMDIuYW1hem9udHJ1c3QuY29tL3IybTAyLmNlcjAMBgNVHRMBAf8EAjAAMIIBfQYK\nKwYBBAHWeQIEAgSCAW0EggFpAWcAdgDoPtDaPvUGNTLnVyi8iWvJA9PL0RFr7Otp\n4Xd9bQa9bgAAAYY87uYPAAAEAwBHMEUCIAlXz9pog+VksvArHmrE56AG8MLDTwr4\nHXyzYPFAOkncAiEA2Vo7jbnQH4zHLfZpNFsoQYa0jbiFcc9frw7SvmXYfdUAdgCz\nc3cH4YRQ+GOG1gWp3BEJSnktsWcMC4fc8AMOeTalmgAAAYY87uZ0AAAEAwBHMEUC\nIHXS5r+lm3tjgDnlyAuBEWnv0zh/B34DHwQsLsEEAJ5IAiEAvsC6kfHrNNIH0GFD\nectEcbXxa+ezv9bFy8Q2rPH3S2gAdQC3Pvsk35xNunXyOcW6WPRsXfxCz3qfNcSe\nHQmBJe20mQAAAYY87uZDAAAEAwBGMEQCIArnqKQpdc2YWvedQ6c0Dp/bCJslEANo\n0+j+79rY8rjKAiBNKxxHUu1Y+YLgwkw6z2z0eh0KZA/VCDrU+05/4S32VDANBgkq\nhkiG9w0BAQsFAAOCAQEAuUwtVO8CpLiCHSS3TS9xrwSVUOfxXIrVyeD7HUUbSxrE\n08CS1BPXHOy045uc7rpUFKQdpJxaltu59MBrcb2Ts4aEJon7eSgU2KdwPHny69DW\nOoNiCBEzDJbrK3+S8AE0D8cqeQaHe4peB/pAc22m3AiqJvtMYBIXBwQJAxKJuy8C\nIc9+KYzMuTyFJ7T6sdW7lW65KTOmrfmm8zCYi0yhht32On5h+bBL+W3Gao4xWrwd\na86MYrCrJn9ITl5monBAy6wDB2Vld6JrgdzhYisT1313pSA/Umbbg/tHSVtCa0UC\ngn34rfufRDhBndPk9WSPByHYaAQH8XxYstIayAdgyQ==\n-----END CERTIFICATE-----\n",
                "is_ca": false,
                "issuer": "CN=Amazon RSA 2048 M02,O=Amazon,C=US",
                "not_after": "2023-07-26T23:59:59Z",
                "not_before": "2023-02-10T00:00:00Z",
                "public_key_algorithm": "RSA",
                "serial_number": "5263052975110948094400882617908497520",
                "sha1_fingerprint": "98d17c901709366e229d6d2ce9e36d19a5e82226",
                "signature_algorithm": "SHA256-RSA",
                "subject": "CN=oidc.eks.us-west-1.amazonaws.com",
                "version": 3
              }
            ],
            "content": null,
            "id": "3d1f65472806f8eea18d6791c63a7909091fea24",
            "url": "https://oidc.eks.us-west-1.amazonaws.com/id/914B368D07DD45782E678F9D24B15F37",
            "verify_chain": true
          },
          "sensitive_attributes": []
        }
      ]
    },
    {
      "mode": "managed",
      "type": "aws_eip",
      "name": "nat",
      "provider": "provider[\"registry.terraform.io/hashicorp/aws\"]",
      "instances": [
        {
          "schema_version": 0,
          "attributes": {
            "address": null,
            "allocation_id": "eipalloc-00e42af4e41cf9f47",
            "associate_with_private_ip": null,
            "association_id": "eipassoc-01e354f47bba3a8fa",
            "carrier_ip": "",
            "customer_owned_ip": "",
            "customer_owned_ipv4_pool": "",
            "domain": "vpc",
            "id": "eipalloc-00e42af4e41cf9f47",
            "instance": "",
            "network_border_group": "us-west-1",
            "network_interface": "eni-053708029f354f660",
            "private_dns": "ip-10-0-82-140.us-west-1.compute.internal",
            "private_ip": "10.0.82.140",
            "public_dns": "ec2-54-151-97-108.us-west-1.compute.amazonaws.com",
            "public_ip": "54.151.97.108",
            "public_ipv4_pool": "amazon",
            "tags": {
              "Name": "nat"
            },
            "tags_all": {
              "Name": "nat"
            },
            "timeouts": null,
            "vpc": true
          },
          "sensitive_attributes": [],
          "private": "eyJlMmJmYjczMC1lY2FhLTExZTYtOGY4OC0zNDM2M2JjN2M0YzAiOnsiZGVsZXRlIjoxODAwMDAwMDAwMDAsInJlYWQiOjkwMDAwMDAwMDAwMCwidXBkYXRlIjozMDAwMDAwMDAwMDB9fQ=="
        }
      ]
    },
    {
      "mode": "managed",
      "type": "aws_eks_cluster",
      "name": "demo",
      "provider": "provider[\"registry.terraform.io/hashicorp/aws\"]",
      "instances": [
        {
          "schema_version": 0,
          "attributes": {
            "arn": "arn:aws:eks:us-west-1:775525239178:cluster/demo",
            "certificate_authority": [
              {
                "data": "LS0tLS1CRUdJTiBDRVJUSUZJQ0FURS0tLS0tCk1JSUMvakNDQWVhZ0F3SUJBZ0lCQURBTkJna3Foa2lHOXcwQkFRc0ZBREFWTVJNd0VRWURWUVFERXdwcmRXSmwKY201bGRHVnpNQjRYRFRJek1ETXhPVEF6TVRFME1Gb1hEVE16TURNeE5qQXpNVEUwTUZvd0ZURVRNQkVHQTFVRQpBeE1LYTNWaVpYSnVaWFJsY3pDQ0FTSXdEUVlKS29aSWh2Y05BUUVCQlFBRGdnRVBBRENDQVFvQ2dnRUJBSmtVCjJnMHNNZ1cvdDVQc2dwOUphNmF4SjRCK1MzZDA1K1hHK1dGV1BxOU5NaW5zUHc3QUtEYTJtV0grYVdUZHBxWFEKUFZmQmpDSEtYYWJXQlRpZ2Z3SzZBWXFEZlNkKzBHak8ybVdVSUZLWE13cEdncWxhU3hGOVl1V1QrWHlJalVjMQorb2xrMGlkWSt1RUQ0TWN2aDY1Q0VGYzFYcXNwSzROWDlRbHRvMnZXd0s4V0c4aEpUc1BSTDFZemRpdUF6Y2FYCmw1LzRpZUVOYjd2ZVJKVXlyQXhwSmROYWhoNU8rV2pjOWJVSTdtdC9oMXpVVC9UZ3pHSm54UFRMZStCaE1MaTQKRFJjMUN4M0pKUmFxSjV2dkplRVZvcW5QemkvaGdKRTR3ZkR0SlhNRjM3dHl1dktMYzZReTNXZ0l3WExzQkxrMAprOVVUMkVuWmtHVlZZQXNLOGFNQ0F3RUFBYU5aTUZjd0RnWURWUjBQQVFIL0JBUURBZ0trTUE4R0ExVWRFd0VCCi93UUZNQU1CQWY4d0hRWURWUjBPQkJZRUZDOTBmZTdIVCtBdHRRNGEzNWdyb1B5MFUxdDNNQlVHQTFVZEVRUU8KTUF5Q0NtdDFZbVZ5Ym1WMFpYTXdEUVlKS29aSWh2Y05BUUVMQlFBRGdnRUJBQW5xY3lCWSt1SmVTNXZQVnVDcgpkbmdZN0J3dEQ5YjM2QjZuYTY5cWVWbFBHS2FTSXFUTDdVOWJCbjhKd1BFaWYrZnBlSmc3bm1tcmNFQXkrU1ZVCmtyL3BJanNvbEw0UGdDVzk1MS8vUDF1TUcxVkk4aU9vcW1vVTJJV3g2cnFTK09aQU1TRE1kS1RidG9qUy9DUWMKWE5vdmVmaFdBZysxRCtJekpRTXR6NGw5ZkNuMzNoSk9OeTZtWG9WWmVGRWZXdmhHeHJyYVc4eXNWZjg3OHgvKwpTd01tYTE4L01wNk0rOTQvNWgxUnRDL245OUJLaklVNnlWUlVDbXF0eFBpZXNINW9wbmlIUzNMcDdxRGhSUS85CjhPbW9ZUDBEOW9IVUV5TWxlb3cwTzdqbnZIMm5BV2VrZDRaTWVtbGpGY2VRZDlWUWp1SThsSktPL1ByMkxKQSsKVkpZPQotLS0tLUVORCBDRVJUSUZJQ0FURS0tLS0tCg=="
              }
            ],
            "created_at": "2023-03-19 03:06:13.618 +0000 UTC",
            "enabled_cluster_log_types": null,
            "encryption_config": [],
            "endpoint": "https://914B368D07DD45782E678F9D24B15F37.sk1.us-west-1.eks.amazonaws.com",
            "id": "demo",
            "identity": [
              {
                "oidc": [
                  {
                    "issuer": "https://oidc.eks.us-west-1.amazonaws.com/id/914B368D07DD45782E678F9D24B15F37"
                  }
                ]
              }
            ],
            "kubernetes_network_config": [
              {
                "ip_family": "ipv4",
                "service_ipv4_cidr": "172.20.0.0/16"
              }
            ],
            "name": "demo",
            "platform_version": "eks.1",
            "role_arn": "arn:aws:iam::775525239178:role/eks-cluster-demo",
            "status": "ACTIVE",
            "tags": null,
            "tags_all": {},
            "timeouts": null,
            "version": "1.25",
            "vpc_config": [
              {
                "cluster_security_group_id": "sg-06af2a67c3f49a575",
                "endpoint_private_access": false,
                "endpoint_public_access": true,
                "public_access_cidrs": [
                  "0.0.0.0/0"
                ],
                "security_group_ids": null,
                "subnet_ids": [
                  "subnet-00144433513046e26",
                  "subnet-0c829c111042daf8a",
                  "subnet-0db029600871058f5",
                  "subnet-0f5d1f0d76abdbce3"
                ],
                "vpc_id": "vpc-0881f5065c9c33a3c"
              }
            ]
          },
          "sensitive_attributes": [],
          "private": "eyJlMmJmYjczMC1lY2FhLTExZTYtOGY4OC0zNDM2M2JjN2M0YzAiOnsiY3JlYXRlIjoxODAwMDAwMDAwMDAwLCJkZWxldGUiOjkwMDAwMDAwMDAwMCwidXBkYXRlIjozNjAwMDAwMDAwMDAwfX0=",
          "dependencies": [
            "aws_iam_role.demo",
            "aws_iam_role_policy_attachment.demo-AmazonEKSClusterPolicy",
            "aws_subnet.private-us-west-1a",
            "aws_subnet.private-us-west-1b",
            "aws_subnet.public-us-west-1a",
            "aws_subnet.public-us-west-1b"
          ]
        }
      ]
    },
    {
      "mode": "managed",
      "type": "aws_eks_node_group",
      "name": "private-nodes",
      "provider": "provider[\"registry.terraform.io/hashicorp/aws\"]",
      "instances": [
        {
          "schema_version": 0,
          "attributes": {
            "ami_type": "AL2_x86_64",
            "arn": "arn:aws:eks:us-west-1:775525239178:nodegroup/demo/private-nodes/30c37bee-92bf-157a-6ed3-afb69411af37",
            "capacity_type": "ON_DEMAND",
            "cluster_name": "demo",
            "disk_size": 20,
            "force_update_version": null,
            "id": "demo:private-nodes",
            "instance_types": [
              "t2.micro"
            ],
            "labels": {
              "role": "general"
            },
            "launch_template": [],
            "node_group_name": "private-nodes",
            "node_group_name_prefix": "",
            "node_role_arn": "arn:aws:iam::775525239178:role/eks-node-group-nodes",
            "release_version": "1.25.6-20230304",
            "remote_access": [],
            "resources": [
              {
                "autoscaling_groups": [
                  {
                    "name": "eks-private-nodes-30c37bee-92bf-157a-6ed3-afb69411af37"
                  }
                ],
                "remote_access_security_group_id": ""
              }
            ],
            "scaling_config": [
              {
                "desired_size": 3,
                "max_size": 5,
                "min_size": 0
              }
            ],
            "status": "ACTIVE",
            "subnet_ids": [
              "subnet-0c829c111042daf8a",
              "subnet-0f5d1f0d76abdbce3"
            ],
            "tags": null,
            "tags_all": {},
            "taint": [],
            "timeouts": null,
            "update_config": [
              {
                "max_unavailable": 1,
                "max_unavailable_percentage": 0
              }
            ],
            "version": "1.25"
          },
          "sensitive_attributes": [],
          "private": "eyJlMmJmYjczMC1lY2FhLTExZTYtOGY4OC0zNDM2M2JjN2M0YzAiOnsiY3JlYXRlIjozNjAwMDAwMDAwMDAwLCJkZWxldGUiOjM2MDAwMDAwMDAwMDAsInVwZGF0ZSI6MzYwMDAwMDAwMDAwMH19",
          "dependencies": [
            "aws_eks_cluster.demo",
            "aws_iam_role.demo",
            "aws_iam_role.nodes",
            "aws_iam_role_policy_attachment.demo-AmazonEKSClusterPolicy",
            "aws_iam_role_policy_attachment.nodes-AmazonEC2ContainerRegistryReadOnly",
            "aws_iam_role_policy_attachment.nodes-AmazonEKSWorkerNodePolicy",
            "aws_iam_role_policy_attachment.nodes-AmazonEKS_CNI_Policy",
            "aws_subnet.private-us-west-1a",
            "aws_subnet.private-us-west-1b",
            "aws_subnet.public-us-west-1a",
            "aws_subnet.public-us-west-1b"
          ]
        }
      ]
    },
    {
      "mode": "managed",
      "type": "aws_iam_openid_connect_provider",
      "name": "eks",
      "provider": "provider[\"registry.terraform.io/hashicorp/aws\"]",
      "instances": [
        {
          "schema_version": 0,
          "attributes": {
            "arn": "arn:aws:iam::775525239178:oidc-provider/oidc.eks.us-west-1.amazonaws.com/id/914B368D07DD45782E678F9D24B15F37",
            "client_id_list": [
              "sts.amazonaws.com"
            ],
            "id": "arn:aws:iam::775525239178:oidc-provider/oidc.eks.us-west-1.amazonaws.com/id/914B368D07DD45782E678F9D24B15F37",
            "tags": null,
            "tags_all": {},
            "thumbprint_list": [
              "9e99a48a9960b14926bb7f3b02e22da2b0ab7280"
            ],
            "url": "oidc.eks.us-west-1.amazonaws.com/id/914B368D07DD45782E678F9D24B15F37"
          },
          "sensitive_attributes": [],
          "private": "bnVsbA==",
          "dependencies": [
            "aws_eks_cluster.demo",
            "aws_iam_role.demo",
            "aws_iam_role_policy_attachment.demo-AmazonEKSClusterPolicy",
            "aws_subnet.private-us-west-1a",
            "aws_subnet.private-us-west-1b",
            "aws_subnet.public-us-west-1a",
            "aws_subnet.public-us-west-1b",
            "data.tls_certificate.eks"
          ]
        }
      ]
    },
    {
      "mode": "managed",
      "type": "aws_iam_policy",
      "name": "test-policy",
      "provider": "provider[\"registry.terraform.io/hashicorp/aws\"]",
      "instances": [
        {
          "schema_version": 0,
          "attributes": {
            "arn": "arn:aws:iam::775525239178:policy/test-policy",
            "description": "",
            "id": "arn:aws:iam::775525239178:policy/test-policy",
            "name": "test-policy",
            "name_prefix": null,
            "path": "/",
            "policy": "{\"Statement\":[{\"Action\":[\"s3:ListAllMyBuckets\",\"s3:GetBucketLocation\"],\"Effect\":\"Allow\",\"Resource\":\"arn:aws:s3:::*\"}],\"Version\":\"2012-10-17\"}",
            "policy_id": "ANPA3JEHIBGFOSEFGTLES",
            "tags": {},
            "tags_all": {}
          },
          "sensitive_attributes": [],
          "private": "bnVsbA=="
        }
      ]
    },
    {
      "mode": "managed",
      "type": "aws_iam_role",
      "name": "demo",
      "provider": "provider[\"registry.terraform.io/hashicorp/aws\"]",
      "instances": [
        {
          "schema_version": 0,
          "attributes": {
            "arn": "arn:aws:iam::775525239178:role/eks-cluster-demo",
            "assume_role_policy": "{\"Version\":\"2012-10-17\",\"Statement\":[{\"Effect\":\"Allow\",\"Principal\":{\"Service\":\"eks.amazonaws.com\"},\"Action\":\"sts:AssumeRole\"}]}",
            "create_date": "2023-03-19T03:06:09Z",
            "description": "",
            "force_detach_policies": false,
            "id": "eks-cluster-demo",
            "inline_policy": [
              {
                "name": "",
                "policy": ""
              }
            ],
            "managed_policy_arns": [],
            "max_session_duration": 3600,
            "name": "eks-cluster-demo",
            "name_prefix": "",
            "path": "/",
            "permissions_boundary": null,
            "tags": null,
            "tags_all": {},
            "unique_id": "AROA3JEHIBGFKLWCGUJ4Q"
          },
          "sensitive_attributes": [],
          "private": "bnVsbA=="
        }
      ]
    },
    {
      "mode": "managed",
      "type": "aws_iam_role",
      "name": "nodes",
      "provider": "provider[\"registry.terraform.io/hashicorp/aws\"]",
      "instances": [
        {
          "schema_version": 0,
          "attributes": {
            "arn": "arn:aws:iam::775525239178:role/eks-node-group-nodes",
            "assume_role_policy": "{\"Version\":\"2012-10-17\",\"Statement\":[{\"Effect\":\"Allow\",\"Principal\":{\"Service\":\"ec2.amazonaws.com\"},\"Action\":\"sts:AssumeRole\"}]}",
            "create_date": "2023-03-19T03:00:38Z",
            "description": "",
            "force_detach_policies": false,
            "id": "eks-node-group-nodes",
            "inline_policy": [
              {
                "name": "",
                "policy": ""
              }
            ],
            "managed_policy_arns": [
              "arn:aws:iam::aws:policy/AmazonEC2ContainerRegistryReadOnly",
              "arn:aws:iam::aws:policy/AmazonEKSWorkerNodePolicy",
              "arn:aws:iam::aws:policy/AmazonEKS_CNI_Policy"
            ],
            "max_session_duration": 3600,
            "name": "eks-node-group-nodes",
            "name_prefix": "",
            "path": "/",
            "permissions_boundary": null,
            "tags": {},
            "tags_all": {},
            "unique_id": "AROA3JEHIBGFI73DHI43D"
          },
          "sensitive_attributes": [],
          "private": "bnVsbA=="
        }
      ]
    },
    {
      "mode": "managed",
      "type": "aws_iam_role",
      "name": "test_oidc",
      "provider": "provider[\"registry.terraform.io/hashicorp/aws\"]",
      "instances": [
        {
          "schema_version": 0,
          "attributes": {
            "arn": "arn:aws:iam::775525239178:role/test-oidc",
            "assume_role_policy": "{\"Version\":\"2012-10-17\",\"Statement\":[{\"Sid\":\"\",\"Effect\":\"Allow\",\"Principal\":{\"Federated\":\"arn:aws:iam::775525239178:oidc-provider/oidc.eks.us-west-1.amazonaws.com/id/914B368D07DD45782E678F9D24B15F37\"},\"Action\":\"sts:AssumeRoleWithWebIdentity\",\"Condition\":{\"StringEquals\":{\"oidc.eks.us-west-1.amazonaws.com/id/914B368D07DD45782E678F9D24B15F37:sub\":\"system:serviceaccount:default:aws-test\"}}}]}",
            "create_date": "2023-03-19T03:15:11Z",
            "description": "",
            "force_detach_policies": false,
            "id": "test-oidc",
            "inline_policy": [
              {
                "name": "",
                "policy": ""
              }
            ],
            "managed_policy_arns": [],
            "max_session_duration": 3600,
            "name": "test-oidc",
            "name_prefix": "",
            "path": "/",
            "permissions_boundary": null,
            "tags": null,
            "tags_all": {},
            "unique_id": "AROA3JEHIBGFELMZJR5ZS"
          },
          "sensitive_attributes": [],
          "private": "bnVsbA==",
          "dependencies": [
            "aws_eks_cluster.demo",
            "aws_iam_openid_connect_provider.eks",
            "aws_iam_role.demo",
            "aws_iam_role_policy_attachment.demo-AmazonEKSClusterPolicy",
            "aws_subnet.private-us-west-1a",
            "aws_subnet.private-us-west-1b",
            "aws_subnet.public-us-west-1a",
            "aws_subnet.public-us-west-1b",
            "data.aws_iam_policy_document.test_oidc_assume_role_policy",
            "data.tls_certificate.eks"
          ]
        }
      ]
    },
    {
      "mode": "managed",
      "type": "aws_iam_role_policy_attachment",
      "name": "demo-AmazonEKSClusterPolicy",
      "provider": "provider[\"registry.terraform.io/hashicorp/aws\"]",
      "instances": [
        {
          "schema_version": 0,
          "attributes": {
            "id": "eks-cluster-demo-20230319030610305300000001",
            "policy_arn": "arn:aws:iam::aws:policy/AmazonEKSClusterPolicy",
            "role": "eks-cluster-demo"
          },
          "sensitive_attributes": [],
          "private": "bnVsbA==",
          "dependencies": [
            "aws_iam_role.demo"
          ]
        }
      ]
    },
    {
      "mode": "managed",
      "type": "aws_iam_role_policy_attachment",
      "name": "nodes-AmazonEC2ContainerRegistryReadOnly",
      "provider": "provider[\"registry.terraform.io/hashicorp/aws\"]",
      "instances": [
        {
          "schema_version": 0,
          "attributes": {
            "id": "eks-node-group-nodes-20230319030039256700000003",
            "policy_arn": "arn:aws:iam::aws:policy/AmazonEC2ContainerRegistryReadOnly",
            "role": "eks-node-group-nodes"
          },
          "sensitive_attributes": [],
          "private": "bnVsbA==",
          "dependencies": [
            "aws_iam_role.nodes"
          ]
        }
      ]
    },
    {
      "mode": "managed",
      "type": "aws_iam_role_policy_attachment",
      "name": "nodes-AmazonEKSWorkerNodePolicy",
      "provider": "provider[\"registry.terraform.io/hashicorp/aws\"]",
      "instances": [
        {
          "schema_version": 0,
          "attributes": {
            "id": "eks-node-group-nodes-20230319030039157000000001",
            "policy_arn": "arn:aws:iam::aws:policy/AmazonEKSWorkerNodePolicy",
            "role": "eks-node-group-nodes"
          },
          "sensitive_attributes": [],
          "private": "bnVsbA==",
          "dependencies": [
            "aws_iam_role.nodes"
          ]
        }
      ]
    },
    {
      "mode": "managed",
      "type": "aws_iam_role_policy_attachment",
      "name": "nodes-AmazonEKS_CNI_Policy",
      "provider": "provider[\"registry.terraform.io/hashicorp/aws\"]",
      "instances": [
        {
          "schema_version": 0,
          "attributes": {
            "id": "eks-node-group-nodes-20230319030039202700000002",
            "policy_arn": "arn:aws:iam::aws:policy/AmazonEKS_CNI_Policy",
            "role": "eks-node-group-nodes"
          },
          "sensitive_attributes": [],
          "private": "bnVsbA==",
          "dependencies": [
            "aws_iam_role.nodes"
          ]
        }
      ]
    },
    {
      "mode": "managed",
      "type": "aws_iam_role_policy_attachment",
      "name": "test_attach",
      "provider": "provider[\"registry.terraform.io/hashicorp/aws\"]",
      "instances": [
        {
          "schema_version": 0,
          "attributes": {
            "id": "test-oidc-20230319031512243100000003",
            "policy_arn": "arn:aws:iam::775525239178:policy/test-policy",
            "role": "test-oidc"
          },
          "sensitive_attributes": [],
          "private": "bnVsbA==",
          "dependencies": [
            "aws_eks_cluster.demo",
            "aws_iam_openid_connect_provider.eks",
            "aws_iam_policy.test-policy",
            "aws_iam_role.demo",
            "aws_iam_role.test_oidc",
            "aws_iam_role_policy_attachment.demo-AmazonEKSClusterPolicy",
            "aws_subnet.private-us-west-1a",
            "aws_subnet.private-us-west-1b",
            "aws_subnet.public-us-west-1a",
            "aws_subnet.public-us-west-1b",
            "data.aws_iam_policy_document.test_oidc_assume_role_policy",
            "data.tls_certificate.eks"
          ]
        }
      ]
    },
    {
      "mode": "managed",
      "type": "aws_internet_gateway",
      "name": "igw",
      "provider": "provider[\"registry.terraform.io/hashicorp/aws\"]",
      "instances": [
        {
          "schema_version": 0,
          "attributes": {
            "arn": "arn:aws:ec2:us-west-1:775525239178:internet-gateway/igw-0803895e40db60450",
            "id": "igw-0803895e40db60450",
            "owner_id": "775525239178",
            "tags": {
              "Name": "igw"
            },
            "tags_all": {
              "Name": "igw"
            },
            "vpc_id": "vpc-0881f5065c9c33a3c"
          },
          "sensitive_attributes": [],
          "private": "bnVsbA==",
          "dependencies": [
            "aws_vpc.main"
          ]
        }
      ]
    },
    {
      "mode": "managed",
      "type": "aws_nat_gateway",
      "name": "nat",
      "provider": "provider[\"registry.terraform.io/hashicorp/aws\"]",
      "instances": [
        {
          "schema_version": 0,
          "attributes": {
            "allocation_id": "eipalloc-00e42af4e41cf9f47",
            "connectivity_type": "public",
            "id": "nat-09f39126c051db2f2",
            "network_interface_id": "eni-053708029f354f660",
            "private_ip": "10.0.82.140",
            "public_ip": "54.151.97.108",
            "subnet_id": "subnet-0db029600871058f5",
            "tags": {
              "Name": "nat"
            },
            "tags_all": {
              "Name": "nat"
            }
          },
          "sensitive_attributes": [],
          "private": "bnVsbA==",
          "dependencies": [
            "aws_eip.nat",
            "aws_internet_gateway.igw",
            "aws_subnet.public-us-west-1a",
            "aws_vpc.main"
          ]
        }
      ]
    },
    {
      "mode": "managed",
      "type": "aws_route_table",
      "name": "private",
      "provider": "provider[\"registry.terraform.io/hashicorp/aws\"]",
      "instances": [
        {
          "schema_version": 0,
          "attributes": {
            "arn": "arn:aws:ec2:us-west-1:775525239178:route-table/rtb-09e7a58686212dc5c",
            "id": "rtb-09e7a58686212dc5c",
            "owner_id": "775525239178",
            "propagating_vgws": [],
            "route": [
              {
                "carrier_gateway_id": "",
                "cidr_block": "0.0.0.0/0",
                "destination_prefix_list_id": "",
                "egress_only_gateway_id": "",
                "gateway_id": "",
                "instance_id": "",
                "ipv6_cidr_block": "",
                "local_gateway_id": "",
                "nat_gateway_id": "nat-09f39126c051db2f2",
                "network_interface_id": "",
                "transit_gateway_id": "",
                "vpc_endpoint_id": "",
                "vpc_peering_connection_id": ""
              }
            ],
            "tags": {
              "Name": "private"
            },
            "tags_all": {
              "Name": "private"
            },
            "timeouts": null,
            "vpc_id": "vpc-0881f5065c9c33a3c"
          },
          "sensitive_attributes": [],
          "private": "eyJlMmJmYjczMC1lY2FhLTExZTYtOGY4OC0zNDM2M2JjN2M0YzAiOnsiY3JlYXRlIjozMDAwMDAwMDAwMDAsImRlbGV0ZSI6MzAwMDAwMDAwMDAwLCJ1cGRhdGUiOjEyMDAwMDAwMDAwMH19",
          "dependencies": [
            "aws_eip.nat",
            "aws_internet_gateway.igw",
            "aws_nat_gateway.nat",
            "aws_subnet.public-us-west-1a",
            "aws_vpc.main"
          ]
        }
      ]
    },
    {
      "mode": "managed",
      "type": "aws_route_table",
      "name": "public",
      "provider": "provider[\"registry.terraform.io/hashicorp/aws\"]",
      "instances": [
        {
          "schema_version": 0,
          "attributes": {
            "arn": "arn:aws:ec2:us-west-1:775525239178:route-table/rtb-0a02e5fee64d6871d",
            "id": "rtb-0a02e5fee64d6871d",
            "owner_id": "775525239178",
            "propagating_vgws": [],
            "route": [
              {
                "carrier_gateway_id": "",
                "cidr_block": "0.0.0.0/0",
                "destination_prefix_list_id": "",
                "egress_only_gateway_id": "",
                "gateway_id": "igw-0803895e40db60450",
                "instance_id": "",
                "ipv6_cidr_block": "",
                "local_gateway_id": "",
                "nat_gateway_id": "",
                "network_interface_id": "",
                "transit_gateway_id": "",
                "vpc_endpoint_id": "",
                "vpc_peering_connection_id": ""
              }
            ],
            "tags": {
              "Name": "public"
            },
            "tags_all": {
              "Name": "public"
            },
            "timeouts": null,
            "vpc_id": "vpc-0881f5065c9c33a3c"
          },
          "sensitive_attributes": [],
          "private": "eyJlMmJmYjczMC1lY2FhLTExZTYtOGY4OC0zNDM2M2JjN2M0YzAiOnsiY3JlYXRlIjozMDAwMDAwMDAwMDAsImRlbGV0ZSI6MzAwMDAwMDAwMDAwLCJ1cGRhdGUiOjEyMDAwMDAwMDAwMH19",
          "dependencies": [
            "aws_internet_gateway.igw",
            "aws_vpc.main"
          ]
        }
      ]
    },
    {
      "mode": "managed",
      "type": "aws_route_table_association",
      "name": "private-us-west-1a",
      "provider": "provider[\"registry.terraform.io/hashicorp/aws\"]",
      "instances": [
        {
          "schema_version": 0,
          "attributes": {
            "gateway_id": "",
            "id": "rtbassoc-0591e725e5f255929",
            "route_table_id": "rtb-09e7a58686212dc5c",
            "subnet_id": "subnet-0f5d1f0d76abdbce3"
          },
          "sensitive_attributes": [],
          "private": "bnVsbA==",
          "dependencies": [
            "aws_eip.nat",
            "aws_internet_gateway.igw",
            "aws_nat_gateway.nat",
            "aws_route_table.private",
            "aws_subnet.private-us-west-1a",
            "aws_subnet.public-us-west-1a",
            "aws_vpc.main"
          ]
        }
      ]
    },
    {
      "mode": "managed",
      "type": "aws_route_table_association",
      "name": "private-us-west-1b",
      "provider": "provider[\"registry.terraform.io/hashicorp/aws\"]",
      "instances": [
        {
          "schema_version": 0,
          "attributes": {
            "gateway_id": "",
            "id": "rtbassoc-0cba4e6dda9ced2b2",
            "route_table_id": "rtb-09e7a58686212dc5c",
            "subnet_id": "subnet-0c829c111042daf8a"
          },
          "sensitive_attributes": [],
          "private": "bnVsbA==",
          "dependencies": [
            "aws_eip.nat",
            "aws_internet_gateway.igw",
            "aws_nat_gateway.nat",
            "aws_route_table.private",
            "aws_subnet.private-us-west-1b",
            "aws_subnet.public-us-west-1a",
            "aws_vpc.main"
          ]
        }
      ]
    },
    {
      "mode": "managed",
      "type": "aws_route_table_association",
      "name": "public-us-west-1a",
      "provider": "provider[\"registry.terraform.io/hashicorp/aws\"]",
      "instances": [
        {
          "schema_version": 0,
          "attributes": {
            "gateway_id": "",
            "id": "rtbassoc-05ecd420802b16fc5",
            "route_table_id": "rtb-0a02e5fee64d6871d",
            "subnet_id": "subnet-0db029600871058f5"
          },
          "sensitive_attributes": [],
          "private": "bnVsbA==",
          "dependencies": [
            "aws_internet_gateway.igw",
            "aws_route_table.public",
            "aws_subnet.public-us-west-1a",
            "aws_vpc.main"
          ]
        }
      ]
    },
    {
      "mode": "managed",
      "type": "aws_route_table_association",
      "name": "public-us-west-1b",
      "provider": "provider[\"registry.terraform.io/hashicorp/aws\"]",
      "instances": [
        {
          "schema_version": 0,
          "attributes": {
            "gateway_id": "",
            "id": "rtbassoc-057a25506c39e6712",
            "route_table_id": "rtb-0a02e5fee64d6871d",
            "subnet_id": "subnet-00144433513046e26"
          },
          "sensitive_attributes": [],
          "private": "bnVsbA==",
          "dependencies": [
            "aws_internet_gateway.igw",
            "aws_route_table.public",
            "aws_subnet.public-us-west-1b",
            "aws_vpc.main"
          ]
        }
      ]
    },
    {
      "mode": "managed",
      "type": "aws_subnet",
      "name": "private-us-west-1a",
      "provider": "provider[\"registry.terraform.io/hashicorp/aws\"]",
      "instances": [
        {
          "schema_version": 1,
          "attributes": {
            "arn": "arn:aws:ec2:us-west-1:775525239178:subnet/subnet-0f5d1f0d76abdbce3",
            "assign_ipv6_address_on_creation": false,
            "availability_zone": "us-west-1a",
            "availability_zone_id": "usw1-az3",
            "cidr_block": "10.0.0.0/19",
            "customer_owned_ipv4_pool": "",
            "enable_dns64": false,
            "enable_resource_name_dns_a_record_on_launch": false,
            "enable_resource_name_dns_aaaa_record_on_launch": false,
            "id": "subnet-0f5d1f0d76abdbce3",
            "ipv6_cidr_block": "",
            "ipv6_cidr_block_association_id": "",
            "ipv6_native": false,
            "map_customer_owned_ip_on_launch": false,
            "map_public_ip_on_launch": false,
            "outpost_arn": "",
            "owner_id": "775525239178",
            "private_dns_hostname_type_on_launch": "ip-name",
            "tags": {
              "Name": "private-us-west-1a",
              "kubernetes.io/cluster/demo": "owned",
              "kubernetes.io/role/internal-elb": "1"
            },
            "tags_all": {
              "Name": "private-us-west-1a",
              "kubernetes.io/cluster/demo": "owned",
              "kubernetes.io/role/internal-elb": "1"
            },
            "timeouts": null,
            "vpc_id": "vpc-0881f5065c9c33a3c"
          },
          "sensitive_attributes": [],
          "private": "eyJlMmJmYjczMC1lY2FhLTExZTYtOGY4OC0zNDM2M2JjN2M0YzAiOnsiY3JlYXRlIjo2MDAwMDAwMDAwMDAsImRlbGV0ZSI6MTIwMDAwMDAwMDAwMH0sInNjaGVtYV92ZXJzaW9uIjoiMSJ9",
          "dependencies": [
            "aws_vpc.main"
          ]
        }
      ]
    },
    {
      "mode": "managed",
      "type": "aws_subnet",
      "name": "private-us-west-1b",
      "provider": "provider[\"registry.terraform.io/hashicorp/aws\"]",
      "instances": [
        {
          "schema_version": 1,
          "attributes": {
            "arn": "arn:aws:ec2:us-west-1:775525239178:subnet/subnet-0c829c111042daf8a",
            "assign_ipv6_address_on_creation": false,
            "availability_zone": "us-west-1b",
            "availability_zone_id": "usw1-az1",
            "cidr_block": "10.0.32.0/19",
            "customer_owned_ipv4_pool": "",
            "enable_dns64": false,
            "enable_resource_name_dns_a_record_on_launch": false,
            "enable_resource_name_dns_aaaa_record_on_launch": false,
            "id": "subnet-0c829c111042daf8a",
            "ipv6_cidr_block": "",
            "ipv6_cidr_block_association_id": "",
            "ipv6_native": false,
            "map_customer_owned_ip_on_launch": false,
            "map_public_ip_on_launch": false,
            "outpost_arn": "",
            "owner_id": "775525239178",
            "private_dns_hostname_type_on_launch": "ip-name",
            "tags": {
              "Name": "private-us-west-1b",
              "kubernetes.io/cluster/demo": "owned",
              "kubernetes.io/role/internal-elb": "1"
            },
            "tags_all": {
              "Name": "private-us-west-1b",
              "kubernetes.io/cluster/demo": "owned",
              "kubernetes.io/role/internal-elb": "1"
            },
            "timeouts": null,
            "vpc_id": "vpc-0881f5065c9c33a3c"
          },
          "sensitive_attributes": [],
          "private": "eyJlMmJmYjczMC1lY2FhLTExZTYtOGY4OC0zNDM2M2JjN2M0YzAiOnsiY3JlYXRlIjo2MDAwMDAwMDAwMDAsImRlbGV0ZSI6MTIwMDAwMDAwMDAwMH0sInNjaGVtYV92ZXJzaW9uIjoiMSJ9",
          "dependencies": [
            "aws_vpc.main"
          ]
        }
      ]
    },
    {
      "mode": "managed",
      "type": "aws_subnet",
      "name": "public-us-west-1a",
      "provider": "provider[\"registry.terraform.io/hashicorp/aws\"]",
      "instances": [
        {
          "schema_version": 1,
          "attributes": {
            "arn": "arn:aws:ec2:us-west-1:775525239178:subnet/subnet-0db029600871058f5",
            "assign_ipv6_address_on_creation": false,
            "availability_zone": "us-west-1a",
            "availability_zone_id": "usw1-az3",
            "cidr_block": "10.0.64.0/19",
            "customer_owned_ipv4_pool": "",
            "enable_dns64": false,
            "enable_resource_name_dns_a_record_on_launch": false,
            "enable_resource_name_dns_aaaa_record_on_launch": false,
            "id": "subnet-0db029600871058f5",
            "ipv6_cidr_block": "",
            "ipv6_cidr_block_association_id": "",
            "ipv6_native": false,
            "map_customer_owned_ip_on_launch": false,
            "map_public_ip_on_launch": true,
            "outpost_arn": "",
            "owner_id": "775525239178",
            "private_dns_hostname_type_on_launch": "ip-name",
            "tags": {
              "Name": "public-us-west-1a",
              "kubernetes.io/cluster/demo": "owned",
              "kubernetes.io/role/elb": "1"
            },
            "tags_all": {
              "Name": "public-us-west-1a",
              "kubernetes.io/cluster/demo": "owned",
              "kubernetes.io/role/elb": "1"
            },
            "timeouts": null,
            "vpc_id": "vpc-0881f5065c9c33a3c"
          },
          "sensitive_attributes": [],
          "private": "eyJlMmJmYjczMC1lY2FhLTExZTYtOGY4OC0zNDM2M2JjN2M0YzAiOnsiY3JlYXRlIjo2MDAwMDAwMDAwMDAsImRlbGV0ZSI6MTIwMDAwMDAwMDAwMH0sInNjaGVtYV92ZXJzaW9uIjoiMSJ9",
          "dependencies": [
            "aws_vpc.main"
          ]
        }
      ]
    },
    {
      "mode": "managed",
      "type": "aws_subnet",
      "name": "public-us-west-1b",
      "provider": "provider[\"registry.terraform.io/hashicorp/aws\"]",
      "instances": [
        {
          "schema_version": 1,
          "attributes": {
            "arn": "arn:aws:ec2:us-west-1:775525239178:subnet/subnet-00144433513046e26",
            "assign_ipv6_address_on_creation": false,
            "availability_zone": "us-west-1b",
            "availability_zone_id": "usw1-az1",
            "cidr_block": "10.0.96.0/19",
            "customer_owned_ipv4_pool": "",
            "enable_dns64": false,
            "enable_resource_name_dns_a_record_on_launch": false,
            "enable_resource_name_dns_aaaa_record_on_launch": false,
            "id": "subnet-00144433513046e26",
            "ipv6_cidr_block": "",
            "ipv6_cidr_block_association_id": "",
            "ipv6_native": false,
            "map_customer_owned_ip_on_launch": false,
            "map_public_ip_on_launch": true,
            "outpost_arn": "",
            "owner_id": "775525239178",
            "private_dns_hostname_type_on_launch": "ip-name",
            "tags": {
              "Name": "public-us-west-1b",
              "kubernetes.io/cluster/demo": "owned",
              "kubernetes.io/role/elb": "1"
            },
            "tags_all": {
              "Name": "public-us-west-1b",
              "kubernetes.io/cluster/demo": "owned",
              "kubernetes.io/role/elb": "1"
            },
            "timeouts": null,
            "vpc_id": "vpc-0881f5065c9c33a3c"
          },
          "sensitive_attributes": [],
          "private": "eyJlMmJmYjczMC1lY2FhLTExZTYtOGY4OC0zNDM2M2JjN2M0YzAiOnsiY3JlYXRlIjo2MDAwMDAwMDAwMDAsImRlbGV0ZSI6MTIwMDAwMDAwMDAwMH0sInNjaGVtYV92ZXJzaW9uIjoiMSJ9",
          "dependencies": [
            "aws_vpc.main"
          ]
        }
      ]
    },
    {
      "mode": "managed",
      "type": "aws_vpc",
      "name": "main",
      "provider": "provider[\"registry.terraform.io/hashicorp/aws\"]",
      "instances": [
        {
          "schema_version": 1,
          "attributes": {
            "arn": "arn:aws:ec2:us-west-1:775525239178:vpc/vpc-0881f5065c9c33a3c",
            "assign_generated_ipv6_cidr_block": false,
            "cidr_block": "10.0.0.0/16",
            "default_network_acl_id": "acl-0a0a487a938b92663",
            "default_route_table_id": "rtb-0d9d84d7b7e3b47b2",
            "default_security_group_id": "sg-064548fe0b9c92873",
            "dhcp_options_id": "dopt-0c5fd737c9b598f01",
            "enable_classiclink": false,
            "enable_classiclink_dns_support": false,
            "enable_dns_hostnames": false,
            "enable_dns_support": true,
            "id": "vpc-0881f5065c9c33a3c",
            "instance_tenancy": "default",
            "ipv4_ipam_pool_id": null,
            "ipv4_netmask_length": null,
            "ipv6_association_id": "",
            "ipv6_cidr_block": "",
            "ipv6_cidr_block_network_border_group": "",
            "ipv6_ipam_pool_id": "",
            "ipv6_netmask_length": 0,
            "main_route_table_id": "rtb-0d9d84d7b7e3b47b2",
            "owner_id": "775525239178",
            "tags": {
              "Name": "main"
            },
            "tags_all": {
              "Name": "main"
            }
          },
          "sensitive_attributes": [],
          "private": "eyJzY2hlbWFfdmVyc2lvbiI6IjEifQ=="
        }
      ]
    }
  ],
  "check_results": null
}
